
Microsoft Visual Studio Solution File, Format Version 12.00
# Visual Studio 15
VisualStudioVersion = 15.0.28010.2036
MinimumVisualStudioVersion = 10.0.40219.1
Project("{FAE04EC0-301F-11D3-BF4B-00C04F79EFBC}") = "FunctionParser", "FunctionParser\FunctionParser.csproj", "{C01E21BA-B651-4CAC-A43A-7B11A386FCB1}"
EndProject
Global
	GlobalSection(SolutionConfigurationPlatforms) = preSolution
		Debug|Any CPU = Debug|Any CPU
		Release|Any CPU = Release|Any CPU
	EndGlobalSection
	GlobalSection(ProjectConfigurationPlatforms) = postSolution
		{C01E21BA-B651-4CAC-A43A-7B11A386FCB1}.Debug|Any CPU.ActiveCfg = Debug|Any CPU
		{C01E21BA-B651-4CAC-A43A-7B11A386FCB1}.Debug|Any CPU.Build.0 = Debug|Any CPU
		{C01E21BA-B651-4CAC-A43A-7B11A386FCB1}.Release|Any CPU.ActiveCfg = Release|Any CPU
		{C01E21BA-B651-4CAC-A43A-7B11A386FCB1}.Release|Any CPU.Build.0 = Release|Any CPU
	EndGlobalSection
	GlobalSection(SolutionProperties) = preSolution
		HideSolutionNode = FALSE
	EndGlobalSection
	GlobalSection(ExtensibilityGlobals) = postSolution
		SolutionGuid = {B636B0CE-6BC8-4D53-9C9C-EB13C8BD09E1}
	EndGlobalSection
EndGlobal
